
Microsoft Visual Studio Solution File, Format Version 12.00
# Visual Studio Version 17
VisualStudioVersion = 17.10.34928.147
MinimumVisualStudioVersion = 10.0.40219.1
Project("{FAE04EC0-301F-11D3-BF4B-00C04F79EFBC}") = "C971_Reserve", "C971_Reserve\C971_Reserve.csproj", "{F1695F0D-C6B5-4711-A59F-6947FAC896A7}"
EndProject
Global
	GlobalSection(SolutionConfigurationPlatforms) = preSolution
		Debug|Any CPU = Debug|Any CPU
		Release|Any CPU = Release|Any CPU
	EndGlobalSection
	GlobalSection(ProjectConfigurationPlatforms) = postSolution
		{F1695F0D-C6B5-4711-A59F-6947FAC896A7}.Debug|Any CPU.ActiveCfg = Debug|Any CPU
		{F1695F0D-C6B5-4711-A59F-6947FAC896A7}.Debug|Any CPU.Build.0 = Debug|Any CPU
		{F1695F0D-C6B5-4711-A59F-6947FAC896A7}.Debug|Any CPU.Deploy.0 = Debug|Any CPU
		{F1695F0D-C6B5-4711-A59F-6947FAC896A7}.Release|Any CPU.ActiveCfg = Release|Any CPU
		{F1695F0D-C6B5-4711-A59F-6947FAC896A7}.Release|Any CPU.Build.0 = Release|Any CPU
		{F1695F0D-C6B5-4711-A59F-6947FAC896A7}.Release|Any CPU.Deploy.0 = Release|Any CPU
	EndGlobalSection
	GlobalSection(SolutionProperties) = preSolution
		HideSolutionNode = FALSE
	EndGlobalSection
	GlobalSection(ExtensibilityGlobals) = postSolution
		SolutionGuid = {6E4E1636-21D7-4E87-B352-C88B301BF692}
	EndGlobalSection
EndGlobal
